{
    "hash": "dfc5dec9b66aed825445e18c44e15ecf",
    "packages": [
        {
            "package": "maximebf/events",
            "version": "dev-master",
            "source-reference": "a5d21f52b760a6c6470d9ed522003ad045dc4fad"
        },
        {
            "package": "mockery/mockery",
            "version": "dev-master",
            "source-reference": "2c5e3244b72d268d8c70935fcceb39b3d84d57db"
        },
        {
            "package": "rstuven/bcmath",
            "version": "dev-master",
            "source-reference": "5d704d45922c7fe88e35f17d00276a7a9ba3a10b"
        },
        {
            "package": "rstuven/pecs",
            "version": "dev-master",
            "source-reference": "baff32fa67245ac57000fb179c7552f171390f53"
        },
        {
            "package": "rstuven/timers",
            "version": "dev-master",
            "source-reference": "29c50e9205ee7626182f7316dae8807fa1758ca7"
        },
        {
            "package": "videlalvaro/php-amqplib",
            "version": "dev-master",
            "source-reference": "c6d889bb709dbd657611f747c6e97630fa2fedd1"
        }
    ],
    "aliases": []
}
